
Microsoft Visual Studio Solution File, Format Version 12.00
# Visual Studio Version 17
VisualStudioVersion = 17.3.32825.248
MinimumVisualStudioVersion = 10.0.40219.1
Project("{FAE04EC0-301F-11D3-BF4B-00C04F79EFBC}") = "Api_with_React", "Api_with_React.csproj", "{E1E3AE3C-30CE-45FF-B10C-0D3A1D70F275}"
EndProject
Global
	GlobalSection(SolutionConfigurationPlatforms) = preSolution
		Debug|Any CPU = Debug|Any CPU
		Release|Any CPU = Release|Any CPU
	EndGlobalSection
	GlobalSection(ProjectConfigurationPlatforms) = postSolution
		{E1E3AE3C-30CE-45FF-B10C-0D3A1D70F275}.Debug|Any CPU.ActiveCfg = Debug|Any CPU
		{E1E3AE3C-30CE-45FF-B10C-0D3A1D70F275}.Debug|Any CPU.Build.0 = Debug|Any CPU
		{E1E3AE3C-30CE-45FF-B10C-0D3A1D70F275}.Release|Any CPU.ActiveCfg = Release|Any CPU
		{E1E3AE3C-30CE-45FF-B10C-0D3A1D70F275}.Release|Any CPU.Build.0 = Release|Any CPU
	EndGlobalSection
	GlobalSection(SolutionProperties) = preSolution
		HideSolutionNode = FALSE
	EndGlobalSection
	GlobalSection(ExtensibilityGlobals) = postSolution
		SolutionGuid = {7C911F8A-B4C9-4B12-BBEE-1455D04C5D7F}
	EndGlobalSection
EndGlobal
